PODS:
  - FunctionalSwiftKit (0.1.1)

DEPENDENCIES:
  - FunctionalSwiftKit (from `../`)

EXTERNAL SOURCES:
  FunctionalSwiftKit:
    :path: "../"

SPEC CHECKSUMS:
  FunctionalSwiftKit: 8a5e7b9d22a84d3bd3eaab693112b0a308da7115

PODFILE CHECKSUM: 3e226ebf9d181b265c9d2a9faa48ffdd3bf9038f

COCOAPODS: 1.6.0.beta.2
