PODS:
  - FunctionalSwiftKit (0.1.0)

DEPENDENCIES:
  - FunctionalSwiftKit (from `../`)

EXTERNAL SOURCES:
  FunctionalSwiftKit:
    :path: "../"

SPEC CHECKSUMS:
  FunctionalSwiftKit: eaf07685835778bb76797cede44fd163566cc196

PODFILE CHECKSUM: 3e226ebf9d181b265c9d2a9faa48ffdd3bf9038f

COCOAPODS: 1.6.0.beta.2
